
Microsoft Visual Studio Solution File, Format Version 11.00
# Visual Studio 2010
Project("{FAE04EC0-301F-11D3-BF4B-00C04F79EFBC}") = "Pulsar.Communications", "Pulsar.Communications.csproj", "{0923D974-651D-4A4C-A042-E77EC18BFA45}"
EndProject
Global
	GlobalSection(SolutionConfigurationPlatforms) = preSolution
		Debug|Any CPU = Debug|Any CPU
		Release|Any CPU = Release|Any CPU
	EndGlobalSection
	GlobalSection(ProjectConfigurationPlatforms) = postSolution
		{0923D974-651D-4A4C-A042-E77EC18BFA45}.Debug|Any CPU.ActiveCfg = Debug|Any CPU
		{0923D974-651D-4A4C-A042-E77EC18BFA45}.Debug|Any CPU.Build.0 = Debug|Any CPU
		{0923D974-651D-4A4C-A042-E77EC18BFA45}.Release|Any CPU.ActiveCfg = Release|Any CPU
		{0923D974-651D-4A4C-A042-E77EC18BFA45}.Release|Any CPU.Build.0 = Release|Any CPU
	EndGlobalSection
	GlobalSection(SolutionProperties) = preSolution
		HideSolutionNode = FALSE
	EndGlobalSection
EndGlobal
